
Microsoft Visual Studio Solution File, Format Version 12.00
# Visual Studio 15
VisualStudioVersion = 15.0.28010.2016
MinimumVisualStudioVersion = 10.0.40219.1
Project("{FAE04EC0-301F-11D3-BF4B-00C04F79EFBC}") = "Minecraft Modding Tool", "Minecraft Modding Tool\Minecraft Modding Tool.csproj", "{2E8A590D-D4DC-4492-90A2-50E11698D5DC}"
EndProject
Global
	GlobalSection(SolutionConfigurationPlatforms) = preSolution
		Debug|Any CPU = Debug|Any CPU
		Release|Any CPU = Release|Any CPU
	EndGlobalSection
	GlobalSection(ProjectConfigurationPlatforms) = postSolution
		{2E8A590D-D4DC-4492-90A2-50E11698D5DC}.Debug|Any CPU.ActiveCfg = Debug|Any CPU
		{2E8A590D-D4DC-4492-90A2-50E11698D5DC}.Debug|Any CPU.Build.0 = Debug|Any CPU
		{2E8A590D-D4DC-4492-90A2-50E11698D5DC}.Release|Any CPU.ActiveCfg = Release|Any CPU
		{2E8A590D-D4DC-4492-90A2-50E11698D5DC}.Release|Any CPU.Build.0 = Release|Any CPU
	EndGlobalSection
	GlobalSection(SolutionProperties) = preSolution
		HideSolutionNode = FALSE
	EndGlobalSection
	GlobalSection(ExtensibilityGlobals) = postSolution
		SolutionGuid = {33B1796A-7126-48E6-ABC9-E16BCC6C9DDF}
	EndGlobalSection
EndGlobal
